
Microsoft Visual Studio Solution File, Format Version 12.00
# Visual Studio Version 16
VisualStudioVersion = 16.0.28803.452
MinimumVisualStudioVersion = 10.0.40219.1
Project("{FAE04EC0-301F-11D3-BF4B-00C04F79EFBC}") = "HelloWorld", "HelloWorld\HelloWorld.csproj", "{514C37AD-7167-42A8-BB7D-A518481B180A}"
EndProject
Global
	GlobalSection(SolutionConfigurationPlatforms) = preSolution
		Debug|Any CPU = Debug|Any CPU
		Release|Any CPU = Release|Any CPU
	EndGlobalSection
	GlobalSection(ProjectConfigurationPlatforms) = postSolution
		{514C37AD-7167-42A8-BB7D-A518481B180A}.Debug|Any CPU.ActiveCfg = Debug|Any CPU
		{514C37AD-7167-42A8-BB7D-A518481B180A}.Debug|Any CPU.Build.0 = Debug|Any CPU
		{514C37AD-7167-42A8-BB7D-A518481B180A}.Release|Any CPU.ActiveCfg = Release|Any CPU
		{514C37AD-7167-42A8-BB7D-A518481B180A}.Release|Any CPU.Build.0 = Release|Any CPU
	EndGlobalSection
	GlobalSection(SolutionProperties) = preSolution
		HideSolutionNode = FALSE
	EndGlobalSection
	GlobalSection(ExtensibilityGlobals) = postSolution
		SolutionGuid = {73F7DB9D-7A02-4947-95EB-E6DDE50BB662}
	EndGlobalSection
EndGlobal
